
Microsoft Visual Studio Solution File, Format Version 12.00
# Visual Studio 2013
VisualStudioVersion = 12.0.40629.0
MinimumVisualStudioVersion = 10.0.40219.1
Project("{FAE04EC0-301F-11D3-BF4B-00C04F79EFBC}") = "ODataWebApp", "ODataWebApp\ODataWebApp.csproj", "{67C503F3-9A26-4030-A49C-3E1C1490847D}"
EndProject
Global
	GlobalSection(TeamFoundationVersionControl) = preSolution
		SccNumberOfProjects = 2
		SccEnterpriseProvider = {4CA58AB2-18FA-4F8D-95D4-32DDF27D184C}
		SccTeamFoundationServer = http://109.95.53.22:33362/tfs/bulkteq
		SccLocalPath0 = .
		SccProjectUniqueName1 = ODataWebApp\\ODataWebApp.csproj
		SccProjectName1 = ODataWebApp
		SccLocalPath1 = ODataWebApp
	EndGlobalSection
	GlobalSection(SolutionConfigurationPlatforms) = preSolution
		Debug|Any CPU = Debug|Any CPU
		Release|Any CPU = Release|Any CPU
	EndGlobalSection
	GlobalSection(ProjectConfigurationPlatforms) = postSolution
		{67C503F3-9A26-4030-A49C-3E1C1490847D}.Debug|Any CPU.ActiveCfg = Debug|Any CPU
		{67C503F3-9A26-4030-A49C-3E1C1490847D}.Debug|Any CPU.Build.0 = Debug|Any CPU
		{67C503F3-9A26-4030-A49C-3E1C1490847D}.Release|Any CPU.ActiveCfg = Release|Any CPU
		{67C503F3-9A26-4030-A49C-3E1C1490847D}.Release|Any CPU.Build.0 = Release|Any CPU
	EndGlobalSection
	GlobalSection(SolutionProperties) = preSolution
		HideSolutionNode = FALSE
	EndGlobalSection
EndGlobal
